
Microsoft Visual Studio Solution File, Format Version 12.00
# Visual Studio Version 17
VisualStudioVersion = 17.9.34728.123
MinimumVisualStudioVersion = 10.0.40219.1
Project("{FAE04EC0-301F-11D3-BF4B-00C04F79EFBC}") = "SapperTest", "SapperTest\SapperTest.csproj", "{DBCD758F-52AA-4CD1-A878-5400D01262EB}"
EndProject
Global
	GlobalSection(SolutionConfigurationPlatforms) = preSolution
		Debug|Any CPU = Debug|Any CPU
		Release|Any CPU = Release|Any CPU
	EndGlobalSection
	GlobalSection(ProjectConfigurationPlatforms) = postSolution
		{DBCD758F-52AA-4CD1-A878-5400D01262EB}.Debug|Any CPU.ActiveCfg = Debug|Any CPU
		{DBCD758F-52AA-4CD1-A878-5400D01262EB}.Debug|Any CPU.Build.0 = Debug|Any CPU
		{DBCD758F-52AA-4CD1-A878-5400D01262EB}.Release|Any CPU.ActiveCfg = Release|Any CPU
		{DBCD758F-52AA-4CD1-A878-5400D01262EB}.Release|Any CPU.Build.0 = Release|Any CPU
	EndGlobalSection
	GlobalSection(SolutionProperties) = preSolution
		HideSolutionNode = FALSE
	EndGlobalSection
	GlobalSection(ExtensibilityGlobals) = postSolution
		SolutionGuid = {5B436603-88AD-488C-95F3-8DE236C329BF}
	EndGlobalSection
EndGlobal
